
Microsoft Visual Studio Solution File, Format Version 12.00
Project("{FAE04EC0-301F-11D3-BF4B-00C04F79EFBC}") = "sparkling-backend", "sparkling-backend\Sparkling.Backend.csproj", "{F46AC896-B337-4E9B-BC2C-CBFD558EAAC9}"
EndProject
Global
	GlobalSection(SolutionConfigurationPlatforms) = preSolution
		Debug|Any CPU = Debug|Any CPU
		Release|Any CPU = Release|Any CPU
	EndGlobalSection
	GlobalSection(ProjectConfigurationPlatforms) = postSolution
		{F46AC896-B337-4E9B-BC2C-CBFD558EAAC9}.Debug|Any CPU.ActiveCfg = Debug|Any CPU
		{F46AC896-B337-4E9B-BC2C-CBFD558EAAC9}.Debug|Any CPU.Build.0 = Debug|Any CPU
		{F46AC896-B337-4E9B-BC2C-CBFD558EAAC9}.Release|Any CPU.ActiveCfg = Release|Any CPU
		{F46AC896-B337-4E9B-BC2C-CBFD558EAAC9}.Release|Any CPU.Build.0 = Release|Any CPU
	EndGlobalSection
EndGlobal
